{
    "_readme": [
        "This file locks the dependencies of your project to a known state",
        "Read more about it at https://getcomposer.org/doc/01-basic-usage.md#composer-lock-the-lock-file",
        "This file is @generated automatically"
    ],
    "hash": "f5962dbdad4811166d0b2c2d2539be56",
    "content-hash": "ae372f3457b56b4943c7b34c20df4407",
    "packages": [
        {
            "name": "consolidation/cgr",
            "version": "1.1.0",
            "source": {
                "type": "git",
                "url": "https://github.com/consolidation-org/cgr.git",
                "reference": "1556cebcf8b4b601177cb6dc1283603cace5b028"
            },
            "dist": {
                "type": "zip",
                "url": "https://api.github.com/repos/consolidation-org/cgr/zipball/1556cebcf8b4b601177cb6dc1283603cace5b028",
                "reference": "1556cebcf8b4b601177cb6dc1283603cace5b028",
                "shasum": ""
            },
            "require": {
                "php": "^5.3.2 || ^7.0"
            },
            "require-dev": {
                "phpunit/phpunit": "4.*",
                "satooshi/php-coveralls": "^1.0",
                "squizlabs/php_codesniffer": "2.*"
            },
            "bin": [
                "bin/cgr"
            ],
            "type": "project",
            "extra": {
                "branch-alias": {
                    "dev-master": "1.x-dev"
                }
            },
            "autoload": {
                "psr-4": {
                    "Consolidation\\Cgr\\": "src"
                }
            },
            "notification-url": "https://packagist.org/downloads/",
            "license": [
                "MIT"
            ],
            "authors": [
                {
                    "name": "Greg Anderson",
                    "email": "greg.1.anderson@greenknowe.org"
                }
            ],
            "description": "Safer alternative to 'composer global require'.",
            "keywords": [
                "composer",
                "package"
            ],
            "time": "2016-06-04 19:29:32"
        },
        {
            "name": "hirak/prestissimo",
            "version": "0.3.3",
            "source": {
                "type": "git",
                "url": "https://github.com/hirak/prestissimo.git",
                "reference": "b85d88ed6d57a26d57b0f432aba09fe6bdc1b1ce"
            },
            "dist": {
                "type": "zip",
                "url": "https://api.github.com/repos/hirak/prestissimo/zipball/b85d88ed6d57a26d57b0f432aba09fe6bdc1b1ce",
                "reference": "b85d88ed6d57a26d57b0f432aba09fe6bdc1b1ce",
                "shasum": ""
            },
            "require": {
                "composer-plugin-api": "^1.0.0",
                "ext-curl": "*",
                "php": "^5.3.2 || ^7.0"
            },
            "require-dev": {
                "composer/composer": "1.0.0",
                "phpunit/phpunit": "^4.8",
                "squizlabs/php_codesniffer": "^2.5"
            },
            "type": "composer-plugin",
            "extra": {
                "class": "Hirak\\Prestissimo\\Plugin"
            },
            "autoload": {
                "psr-4": {
                    "Hirak\\Prestissimo\\": "src/"
                }
            },
            "notification-url": "https://packagist.org/downloads/",
            "license": [
                "MIT"
            ],
            "authors": [
                {
                    "name": "Hiraku NAKANO",
                    "email": "hiraku@tojiru.net"
                }
            ],
            "description": "composer parallel install plugin",
            "keywords": [
                "install",
                "parallel",
                "speedup"
            ],
            "time": "2016-06-26 07:50:23"
        },
        {
            "name": "pyrech/composer-changelogs",
            "version": "v1.5.0",
            "source": {
                "type": "git",
                "url": "https://github.com/pyrech/composer-changelogs.git",
                "reference": "0231ce257a90346aa5c436eb3edf28bc627b5d09"
            },
            "dist": {
                "type": "zip",
                "url": "https://api.github.com/repos/pyrech/composer-changelogs/zipball/0231ce257a90346aa5c436eb3edf28bc627b5d09",
                "reference": "0231ce257a90346aa5c436eb3edf28bc627b5d09",
                "shasum": ""
            },
            "require": {
                "composer-plugin-api": "^1.0",
                "php": ">=5.4.0"
            },
            "require-dev": {
                "composer/composer": "~1.0.0-alpha10@dev",
                "composer/semver": "1.2.0",
                "fabpot/php-cs-fixer": "~1.5",
                "phpunit/phpunit": "^4.8"
            },
            "type": "composer-plugin",
            "extra": {
                "class": "Pyrech\\ComposerChangelogs\\ChangelogsPlugin",
                "branch-alias": {
                    "dev-master": "1.5.x-dev"
                }
            },
            "autoload": {
                "psr-4": {
                    "Pyrech\\ComposerChangelogs\\": "src/"
                }
            },
            "notification-url": "https://packagist.org/downloads/",
            "license": [
                "MIT"
            ],
            "authors": [
                {
                    "name": "Loïck Piera",
                    "email": "pyrech@gmail.com"
                }
            ],
            "description": "Display changelogs after each composer update",
            "keywords": [
                "changelog",
                "composer",
                "plugin",
                "update"
            ],
            "time": "2016-07-04 11:56:39"
        }
    ],
    "packages-dev": [],
    "aliases": [],
    "minimum-stability": "stable",
    "stability-flags": [],
    "prefer-stable": false,
    "prefer-lowest": false,
    "platform": [],
    "platform-dev": []
}
