{
    "_readme": [
        "This file locks the dependencies of your project to a known state",
        "Read more about it at https://getcomposer.org/doc/01-basic-usage.md#installing-dependencies",
        "This file is @generated automatically"
    ],
    "content-hash": "714fc7040a85f67c76d09341529686f7",
    "packages": [
        {
            "name": "clue/stdio-react",
            "version": "v1.2.0",
            "source": {
                "type": "git",
                "url": "https://github.com/clue/php-stdio-react.git",
                "reference": "f751e05a025ddf7bbad53f9dd54333bf3921bd2a"
            },
            "dist": {
                "type": "zip",
                "url": "https://api.github.com/repos/clue/php-stdio-react/zipball/f751e05a025ddf7bbad53f9dd54333bf3921bd2a",
                "reference": "f751e05a025ddf7bbad53f9dd54333bf3921bd2a",
                "shasum": ""
            },
            "require": {
                "clue/term-react": "^1.0 || ^0.1.1",
                "clue/utf8-react": "^1.0 || ^0.1",
                "php": ">=5.3",
                "react/event-loop": "0.3.*|0.4.*",
                "react/stream": "^0.4.2"
            },
            "require-dev": {
                "clue/arguments": "^2.0",
                "clue/commander": "^1.2",
                "phpunit/phpunit": "^6.4 || ^5.7 || ^4.8.35"
            },
            "suggest": {
                "ext-mbstring": "Using ext-mbstring should provide slightly better performance for handling I/O"
            },
            "type": "library",
            "autoload": {
                "psr-4": {
                    "Clue\\React\\Stdio\\": "src/"
                }
            },
            "notification-url": "https://packagist.org/downloads/",
            "license": [
                "MIT"
            ],
            "authors": [
                {
                    "name": "Christian Lück",
                    "email": "christian@lueck.tv"
                }
            ],
            "description": "Async, event-driven console input & output (STDIN, STDOUT), built on top of ReactPHP",
            "homepage": "https://github.com/clue/php-stdio-react",
            "keywords": [
                "async",
                "autocomplete",
                "autocompletion",
                "history",
                "reactphp",
                "readline",
                "stdin",
                "stdio",
                "stdout"
            ],
            "time": "2017-12-18T10:07:12+00:00"
        },
        {
            "name": "clue/term-react",
            "version": "v1.1.0",
            "source": {
                "type": "git",
                "url": "https://github.com/clue/php-term-react.git",
                "reference": "aad4ed988de3a7b66a04c2e73abd7ee5e8d1ff23"
            },
            "dist": {
                "type": "zip",
                "url": "https://api.github.com/repos/clue/php-term-react/zipball/aad4ed988de3a7b66a04c2e73abd7ee5e8d1ff23",
                "reference": "aad4ed988de3a7b66a04c2e73abd7ee5e8d1ff23",
                "shasum": ""
            },
            "require": {
                "php": ">=5.3",
                "react/stream": "^1.0 || ^0.7 || ^0.6 || ^0.5 || ^0.4 || ^0.3"
            },
            "require-dev": {
                "phpunit/phpunit": "^5.0 || ^4.8",
                "react/event-loop": "^0.4 || ^0.3",
                "react/stream": "^1.0 || ^0.7"
            },
            "type": "library",
            "autoload": {
                "psr-4": {
                    "Clue\\React\\Term\\": "src/"
                }
            },
            "notification-url": "https://packagist.org/downloads/",
            "license": [
                "MIT"
            ],
            "authors": [
                {
                    "name": "Christian Lück",
                    "email": "christian@lueck.tv"
                }
            ],
            "description": "Streaming terminal emulator, built on top of ReactPHP",
            "homepage": "https://github.com/clue/php-term-react",
            "keywords": [
                "C0",
                "CSI",
                "ansi",
                "apc",
                "ascii",
                "c1",
                "control codes",
                "dps",
                "osc",
                "pm",
                "reactphp",
                "streaming",
                "terminal",
                "vt100",
                "xterm"
            ],
            "time": "2017-07-06T07:56:05+00:00"
        },
        {
            "name": "clue/utf8-react",
            "version": "v1.1.0",
            "source": {
                "type": "git",
                "url": "https://github.com/clue/php-utf8-react.git",
                "reference": "c6111a22e1056627c119233ff5effe00f5d3cc1d"
            },
            "dist": {
                "type": "zip",
                "url": "https://api.github.com/repos/clue/php-utf8-react/zipball/c6111a22e1056627c119233ff5effe00f5d3cc1d",
                "reference": "c6111a22e1056627c119233ff5effe00f5d3cc1d",
                "shasum": ""
            },
            "require": {
                "php": ">=5.3",
                "react/stream": "^1.0 || ^0.7 || ^0.6 || ^0.5 || ^0.4 || ^0.3"
            },
            "require-dev": {
                "phpunit/phpunit": "^5.0 || ^4.8",
                "react/stream": "^1.0 || ^0.7"
            },
            "type": "library",
            "autoload": {
                "psr-4": {
                    "Clue\\React\\Utf8\\": "src/"
                }
            },
            "notification-url": "https://packagist.org/downloads/",
            "license": [
                "MIT"
            ],
            "authors": [
                {
                    "name": "Christian Lück",
                    "email": "christian@lueck.tv"
                }
            ],
            "description": "Streaming UTF-8 parser, built on top of ReactPHP",
            "homepage": "https://github.com/clue/php-utf8-react",
            "keywords": [
                "reactphp",
                "streaming",
                "unicode",
                "utf-8",
                "utf8"
            ],
            "time": "2017-07-06T07:43:22+00:00"
        },
        {
            "name": "consolidation/cgr",
            "version": "2.0.4",
            "source": {
                "type": "git",
                "url": "https://github.com/consolidation/cgr.git",
                "reference": "2211ff2df10d7af4c5ed975f5a5ba306ff3fde76"
            },
            "dist": {
                "type": "zip",
                "url": "https://api.github.com/repos/consolidation/cgr/zipball/2211ff2df10d7af4c5ed975f5a5ba306ff3fde76",
                "reference": "2211ff2df10d7af4c5ed975f5a5ba306ff3fde76",
                "shasum": ""
            },
            "require": {
                "php": "^5.3.2 || ^7.0"
            },
            "require-dev": {
                "phpunit/phpunit": "4.*",
                "satooshi/php-coveralls": "^1.0",
                "squizlabs/php_codesniffer": "2.*"
            },
            "bin": [
                "bin/cgr"
            ],
            "type": "project",
            "extra": {
                "branch-alias": {
                    "dev-master": "2.x-dev"
                }
            },
            "autoload": {
                "psr-4": {
                    "Consolidation\\Cgr\\": "src"
                }
            },
            "notification-url": "https://packagist.org/downloads/",
            "license": [
                "MIT"
            ],
            "authors": [
                {
                    "name": "Greg Anderson",
                    "email": "greg.1.anderson@greenknowe.org"
                }
            ],
            "description": "Safer alternative to 'composer global require'.",
            "keywords": [
                "composer",
                "package"
            ],
            "time": "2017-03-14T00:04:39+00:00"
        },
        {
            "name": "evenement/evenement",
            "version": "v2.1.0",
            "source": {
                "type": "git",
                "url": "https://github.com/igorw/evenement.git",
                "reference": "6ba9a777870ab49f417e703229d53931ed40fd7a"
            },
            "dist": {
                "type": "zip",
                "url": "https://api.github.com/repos/igorw/evenement/zipball/6ba9a777870ab49f417e703229d53931ed40fd7a",
                "reference": "6ba9a777870ab49f417e703229d53931ed40fd7a",
                "shasum": ""
            },
            "require": {
                "php": ">=5.4.0"
            },
            "require-dev": {
                "phpunit/phpunit": "^6.0||^5.7||^4.8.35"
            },
            "type": "library",
            "extra": {
                "branch-alias": {
                    "dev-master": "2.0-dev"
                }
            },
            "autoload": {
                "psr-0": {
                    "Evenement": "src"
                }
            },
            "notification-url": "https://packagist.org/downloads/",
            "license": [
                "MIT"
            ],
            "authors": [
                {
                    "name": "Igor Wiedler",
                    "email": "igor@wiedler.ch"
                }
            ],
            "description": "Événement is a very simple event dispatching library for PHP",
            "keywords": [
                "event-dispatcher",
                "event-emitter"
            ],
            "time": "2017-07-17T17:39:19+00:00"
        },
        {
            "name": "jolicode/jolinotif",
            "version": "v2.0.1",
            "source": {
                "type": "git",
                "url": "https://github.com/jolicode/JoliNotif.git",
                "reference": "3bb98bc60372aae7f23b85a3e70b374a99eb35e4"
            },
            "dist": {
                "type": "zip",
                "url": "https://api.github.com/repos/jolicode/JoliNotif/zipball/3bb98bc60372aae7f23b85a3e70b374a99eb35e4",
                "reference": "3bb98bc60372aae7f23b85a3e70b374a99eb35e4",
                "shasum": ""
            },
            "require": {
                "php": ">=7.0",
                "symfony/process": "~3.3|~4.0"
            },
            "require-dev": {
                "friendsofphp/php-cs-fixer": "~2.0",
                "symfony/phpunit-bridge": "^3.3"
            },
            "bin": [
                "jolinotif"
            ],
            "type": "library",
            "extra": {
                "branch-alias": {
                    "dev-master": "2.0.x-dev"
                }
            },
            "autoload": {
                "psr-4": {
                    "Joli\\JoliNotif\\": "src/"
                }
            },
            "notification-url": "https://packagist.org/downloads/",
            "license": [
                "MIT"
            ],
            "authors": [
                {
                    "name": "Loïck Piera",
                    "email": "pyrech@gmail.com"
                }
            ],
            "description": "Send desktop notifications on Windows, Linux, MacOS.",
            "keywords": [
                "MAC",
                "growl",
                "linux",
                "notification",
                "windows"
            ],
            "time": "2018-04-04T15:31:01+00:00"
        },
        {
            "name": "psr/log",
            "version": "1.0.2",
            "source": {
                "type": "git",
                "url": "https://github.com/php-fig/log.git",
                "reference": "4ebe3a8bf773a19edfe0a84b6585ba3d401b724d"
            },
            "dist": {
                "type": "zip",
                "url": "https://api.github.com/repos/php-fig/log/zipball/4ebe3a8bf773a19edfe0a84b6585ba3d401b724d",
                "reference": "4ebe3a8bf773a19edfe0a84b6585ba3d401b724d",
                "shasum": ""
            },
            "require": {
                "php": ">=5.3.0"
            },
            "type": "library",
            "extra": {
                "branch-alias": {
                    "dev-master": "1.0.x-dev"
                }
            },
            "autoload": {
                "psr-4": {
                    "Psr\\Log\\": "Psr/Log/"
                }
            },
            "notification-url": "https://packagist.org/downloads/",
            "license": [
                "MIT"
            ],
            "authors": [
                {
                    "name": "PHP-FIG",
                    "homepage": "http://www.php-fig.org/"
                }
            ],
            "description": "Common interface for logging libraries",
            "homepage": "https://github.com/php-fig/log",
            "keywords": [
                "log",
                "psr",
                "psr-3"
            ],
            "time": "2016-10-10T12:19:37+00:00"
        },
        {
            "name": "react/event-loop",
            "version": "v0.4.3",
            "source": {
                "type": "git",
                "url": "https://github.com/reactphp/event-loop.git",
                "reference": "8bde03488ee897dc6bb3d91e4e17c353f9c5252f"
            },
            "dist": {
                "type": "zip",
                "url": "https://api.github.com/repos/reactphp/event-loop/zipball/8bde03488ee897dc6bb3d91e4e17c353f9c5252f",
                "reference": "8bde03488ee897dc6bb3d91e4e17c353f9c5252f",
                "shasum": ""
            },
            "require": {
                "php": ">=5.4.0"
            },
            "require-dev": {
                "phpunit/phpunit": "~4.8"
            },
            "suggest": {
                "ext-event": "~1.0",
                "ext-libev": "*",
                "ext-libevent": ">=0.1.0"
            },
            "type": "library",
            "autoload": {
                "psr-4": {
                    "React\\EventLoop\\": "src"
                }
            },
            "notification-url": "https://packagist.org/downloads/",
            "license": [
                "MIT"
            ],
            "description": "Event loop abstraction layer that libraries can use for evented I/O.",
            "keywords": [
                "asynchronous",
                "event-loop"
            ],
            "time": "2017-04-27T10:56:23+00:00"
        },
        {
            "name": "react/stream",
            "version": "v0.4.6",
            "source": {
                "type": "git",
                "url": "https://github.com/reactphp/stream.git",
                "reference": "44dc7f51ea48624110136b535b9ba44fd7d0c1ee"
            },
            "dist": {
                "type": "zip",
                "url": "https://api.github.com/repos/reactphp/stream/zipball/44dc7f51ea48624110136b535b9ba44fd7d0c1ee",
                "reference": "44dc7f51ea48624110136b535b9ba44fd7d0c1ee",
                "shasum": ""
            },
            "require": {
                "evenement/evenement": "^2.0|^1.0",
                "php": ">=5.3.8"
            },
            "require-dev": {
                "clue/stream-filter": "~1.2",
                "react/event-loop": "^0.4|^0.3",
                "react/promise": "^2.0|^1.0"
            },
            "suggest": {
                "react/event-loop": "^0.4",
                "react/promise": "^2.0"
            },
            "type": "library",
            "autoload": {
                "psr-4": {
                    "React\\Stream\\": "src"
                }
            },
            "notification-url": "https://packagist.org/downloads/",
            "license": [
                "MIT"
            ],
            "description": "Basic readable and writable stream interfaces that support piping.",
            "keywords": [
                "pipe",
                "stream"
            ],
            "time": "2017-01-25T14:44:14+00:00"
        },
        {
            "name": "spatie/phpunit-watcher",
            "version": "dev-php70",
            "source": {
                "type": "git",
                "url": "https://github.com/mikedfunk/phpunit-watcher.git",
                "reference": "deab89aaf683db69b61c8bf54bc70c03811f61aa"
            },
            "dist": {
                "type": "zip",
                "url": "https://api.github.com/repos/mikedfunk/phpunit-watcher/zipball/deab89aaf683db69b61c8bf54bc70c03811f61aa",
                "reference": "deab89aaf683db69b61c8bf54bc70c03811f61aa",
                "shasum": ""
            },
            "require": {
                "clue/stdio-react": "^1.0",
                "jolicode/jolinotif": "^2.0",
                "php": "^7.0",
                "symfony/console": "3.4.9",
                "symfony/process": "3.4.9",
                "symfony/yaml": "3.4.9",
                "yosymfony/resource-watcher": "^1.2"
            },
            "require-dev": {
                "phpunit/phpunit": "^6.0|^7.0"
            },
            "bin": [
                "phpunit-watcher"
            ],
            "type": "library",
            "autoload": {
                "psr-4": {
                    "Spatie\\PhpUnitWatcher\\": "src"
                }
            },
            "autoload-dev": {
                "psr-4": {
                    "Spatie\\PhpUnitWatcher\\Test\\": "tests"
                },
                "files": [
                    "tests/helpers.php"
                ]
            },
            "scripts": {
                "test": [
                    "vendor/bin/phpunit"
                ]
            },
            "license": [
                "MIT"
            ],
            "authors": [
                {
                    "name": "Freek Van der Herten",
                    "email": "freek@spatie.be",
                    "homepage": "https://spatie.be",
                    "role": "Developer"
                }
            ],
            "description": "Automatically rerun PHPUnit tests when source code changes",
            "homepage": "https://github.com/spatie/phpunit-watcher",
            "keywords": [
                "phpunit-watcher",
                "spatie"
            ],
            "support": {
                "source": "https://github.com/mikedfunk/phpunit-watcher/tree/php70"
            },
            "time": "2018-05-01T01:06:50+00:00"
        },
        {
            "name": "symfony/console",
            "version": "v3.4.9",
            "source": {
                "type": "git",
                "url": "https://github.com/symfony/console.git",
                "reference": "5b1fdfa8eb93464bcc36c34da39cedffef822cdf"
            },
            "dist": {
                "type": "zip",
                "url": "https://api.github.com/repos/symfony/console/zipball/5b1fdfa8eb93464bcc36c34da39cedffef822cdf",
                "reference": "5b1fdfa8eb93464bcc36c34da39cedffef822cdf",
                "shasum": ""
            },
            "require": {
                "php": "^5.5.9|>=7.0.8",
                "symfony/debug": "~2.8|~3.0|~4.0",
                "symfony/polyfill-mbstring": "~1.0"
            },
            "conflict": {
                "symfony/dependency-injection": "<3.4",
                "symfony/process": "<3.3"
            },
            "require-dev": {
                "psr/log": "~1.0",
                "symfony/config": "~3.3|~4.0",
                "symfony/dependency-injection": "~3.4|~4.0",
                "symfony/event-dispatcher": "~2.8|~3.0|~4.0",
                "symfony/lock": "~3.4|~4.0",
                "symfony/process": "~3.3|~4.0"
            },
            "suggest": {
                "psr/log-implementation": "For using the console logger",
                "symfony/event-dispatcher": "",
                "symfony/lock": "",
                "symfony/process": ""
            },
            "type": "library",
            "extra": {
                "branch-alias": {
                    "dev-master": "3.4-dev"
                }
            },
            "autoload": {
                "psr-4": {
                    "Symfony\\Component\\Console\\": ""
                },
                "exclude-from-classmap": [
                    "/Tests/"
                ]
            },
            "notification-url": "https://packagist.org/downloads/",
            "license": [
                "MIT"
            ],
            "authors": [
                {
                    "name": "Fabien Potencier",
                    "email": "fabien@symfony.com"
                },
                {
                    "name": "Symfony Community",
                    "homepage": "https://symfony.com/contributors"
                }
            ],
            "description": "Symfony Console Component",
            "homepage": "https://symfony.com",
            "time": "2018-04-30T01:22:56+00:00"
        },
        {
            "name": "symfony/debug",
            "version": "v3.4.15",
            "source": {
                "type": "git",
                "url": "https://github.com/symfony/debug.git",
                "reference": "c4625e75341e4fb309ce0c049cbf7fb84b8897cd"
            },
            "dist": {
                "type": "zip",
                "url": "https://api.github.com/repos/symfony/debug/zipball/c4625e75341e4fb309ce0c049cbf7fb84b8897cd",
                "reference": "c4625e75341e4fb309ce0c049cbf7fb84b8897cd",
                "shasum": ""
            },
            "require": {
                "php": "^5.5.9|>=7.0.8",
                "psr/log": "~1.0"
            },
            "conflict": {
                "symfony/http-kernel": ">=2.3,<2.3.24|~2.4.0|>=2.5,<2.5.9|>=2.6,<2.6.2"
            },
            "require-dev": {
                "symfony/http-kernel": "~2.8|~3.0|~4.0"
            },
            "type": "library",
            "extra": {
                "branch-alias": {
                    "dev-master": "3.4-dev"
                }
            },
            "autoload": {
                "psr-4": {
                    "Symfony\\Component\\Debug\\": ""
                },
                "exclude-from-classmap": [
                    "/Tests/"
                ]
            },
            "notification-url": "https://packagist.org/downloads/",
            "license": [
                "MIT"
            ],
            "authors": [
                {
                    "name": "Fabien Potencier",
                    "email": "fabien@symfony.com"
                },
                {
                    "name": "Symfony Community",
                    "homepage": "https://symfony.com/contributors"
                }
            ],
            "description": "Symfony Debug Component",
            "homepage": "https://symfony.com",
            "time": "2018-08-03T10:42:44+00:00"
        },
        {
            "name": "symfony/finder",
            "version": "v3.4.15",
            "source": {
                "type": "git",
                "url": "https://github.com/symfony/finder.git",
                "reference": "8a84fcb207451df0013b2c74cbbf1b62d47b999a"
            },
            "dist": {
                "type": "zip",
                "url": "https://api.github.com/repos/symfony/finder/zipball/8a84fcb207451df0013b2c74cbbf1b62d47b999a",
                "reference": "8a84fcb207451df0013b2c74cbbf1b62d47b999a",
                "shasum": ""
            },
            "require": {
                "php": "^5.5.9|>=7.0.8"
            },
            "type": "library",
            "extra": {
                "branch-alias": {
                    "dev-master": "3.4-dev"
                }
            },
            "autoload": {
                "psr-4": {
                    "Symfony\\Component\\Finder\\": ""
                },
                "exclude-from-classmap": [
                    "/Tests/"
                ]
            },
            "notification-url": "https://packagist.org/downloads/",
            "license": [
                "MIT"
            ],
            "authors": [
                {
                    "name": "Fabien Potencier",
                    "email": "fabien@symfony.com"
                },
                {
                    "name": "Symfony Community",
                    "homepage": "https://symfony.com/contributors"
                }
            ],
            "description": "Symfony Finder Component",
            "homepage": "https://symfony.com",
            "time": "2018-07-26T11:19:56+00:00"
        },
        {
            "name": "symfony/polyfill-mbstring",
            "version": "v1.9.0",
            "source": {
                "type": "git",
                "url": "https://github.com/symfony/polyfill-mbstring.git",
                "reference": "d0cd638f4634c16d8df4508e847f14e9e43168b8"
            },
            "dist": {
                "type": "zip",
                "url": "https://api.github.com/repos/symfony/polyfill-mbstring/zipball/d0cd638f4634c16d8df4508e847f14e9e43168b8",
                "reference": "d0cd638f4634c16d8df4508e847f14e9e43168b8",
                "shasum": ""
            },
            "require": {
                "php": ">=5.3.3"
            },
            "suggest": {
                "ext-mbstring": "For best performance"
            },
            "type": "library",
            "extra": {
                "branch-alias": {
                    "dev-master": "1.9-dev"
                }
            },
            "autoload": {
                "psr-4": {
                    "Symfony\\Polyfill\\Mbstring\\": ""
                },
                "files": [
                    "bootstrap.php"
                ]
            },
            "notification-url": "https://packagist.org/downloads/",
            "license": [
                "MIT"
            ],
            "authors": [
                {
                    "name": "Nicolas Grekas",
                    "email": "p@tchwork.com"
                },
                {
                    "name": "Symfony Community",
                    "homepage": "https://symfony.com/contributors"
                }
            ],
            "description": "Symfony polyfill for the Mbstring extension",
            "homepage": "https://symfony.com",
            "keywords": [
                "compatibility",
                "mbstring",
                "polyfill",
                "portable",
                "shim"
            ],
            "time": "2018-08-06T14:22:27+00:00"
        },
        {
            "name": "symfony/process",
            "version": "v3.4.9",
            "source": {
                "type": "git",
                "url": "https://github.com/symfony/process.git",
                "reference": "4b7d64e852886319e93ddfdecff0d744ab87658b"
            },
            "dist": {
                "type": "zip",
                "url": "https://api.github.com/repos/symfony/process/zipball/4b7d64e852886319e93ddfdecff0d744ab87658b",
                "reference": "4b7d64e852886319e93ddfdecff0d744ab87658b",
                "shasum": ""
            },
            "require": {
                "php": "^5.5.9|>=7.0.8"
            },
            "type": "library",
            "extra": {
                "branch-alias": {
                    "dev-master": "3.4-dev"
                }
            },
            "autoload": {
                "psr-4": {
                    "Symfony\\Component\\Process\\": ""
                },
                "exclude-from-classmap": [
                    "/Tests/"
                ]
            },
            "notification-url": "https://packagist.org/downloads/",
            "license": [
                "MIT"
            ],
            "authors": [
                {
                    "name": "Fabien Potencier",
                    "email": "fabien@symfony.com"
                },
                {
                    "name": "Symfony Community",
                    "homepage": "https://symfony.com/contributors"
                }
            ],
            "description": "Symfony Process Component",
            "homepage": "https://symfony.com",
            "time": "2018-04-03T05:22:50+00:00"
        },
        {
            "name": "symfony/yaml",
            "version": "v3.4.9",
            "source": {
                "type": "git",
                "url": "https://github.com/symfony/yaml.git",
                "reference": "033cfa61ef06ee0847e056e530201842b6e926c3"
            },
            "dist": {
                "type": "zip",
                "url": "https://api.github.com/repos/symfony/yaml/zipball/033cfa61ef06ee0847e056e530201842b6e926c3",
                "reference": "033cfa61ef06ee0847e056e530201842b6e926c3",
                "shasum": ""
            },
            "require": {
                "php": "^5.5.9|>=7.0.8"
            },
            "conflict": {
                "symfony/console": "<3.4"
            },
            "require-dev": {
                "symfony/console": "~3.4|~4.0"
            },
            "suggest": {
                "symfony/console": "For validating YAML files using the lint command"
            },
            "type": "library",
            "extra": {
                "branch-alias": {
                    "dev-master": "3.4-dev"
                }
            },
            "autoload": {
                "psr-4": {
                    "Symfony\\Component\\Yaml\\": ""
                },
                "exclude-from-classmap": [
                    "/Tests/"
                ]
            },
            "notification-url": "https://packagist.org/downloads/",
            "license": [
                "MIT"
            ],
            "authors": [
                {
                    "name": "Fabien Potencier",
                    "email": "fabien@symfony.com"
                },
                {
                    "name": "Symfony Community",
                    "homepage": "https://symfony.com/contributors"
                }
            ],
            "description": "Symfony Yaml Component",
            "homepage": "https://symfony.com",
            "time": "2018-04-08T08:21:29+00:00"
        },
        {
            "name": "yosymfony/resource-watcher",
            "version": "v1.3.0",
            "source": {
                "type": "git",
                "url": "https://github.com/yosymfony/resource-watcher.git",
                "reference": "8a8c8c21515eaec0b3f8fc2b5aa15c6f8bd8ca98"
            },
            "dist": {
                "type": "zip",
                "url": "https://api.github.com/repos/yosymfony/resource-watcher/zipball/8a8c8c21515eaec0b3f8fc2b5aa15c6f8bd8ca98",
                "reference": "8a8c8c21515eaec0b3f8fc2b5aa15c6f8bd8ca98",
                "shasum": ""
            },
            "require": {
                "php": ">=5.5",
                "symfony/finder": "^2.7|^3.0|^4.0"
            },
            "require-dev": {
                "phpunit/phpunit": "^4.0",
                "symfony/filesystem": "^2.7|^3.0|^4.0"
            },
            "type": "library",
            "extra": {
                "branch-alias": {
                    "dev-master": "1.2-dev"
                }
            },
            "autoload": {
                "psr-4": {
                    "Yosymfony\\ResourceWatcher\\": "src/"
                }
            },
            "notification-url": "https://packagist.org/downloads/",
            "license": [
                "MIT"
            ],
            "authors": [
                {
                    "name": "Victor Puertas",
                    "email": "vpgugr@gmail.com"
                }
            ],
            "description": "A simple resource watcher using Symfony Finder",
            "homepage": "http://yosymfony.com",
            "keywords": [
                "finder",
                "resources",
                "symfony",
                "watcher"
            ],
            "time": "2018-02-18T08:28:25+00:00"
        }
    ],
    "packages-dev": [],
    "aliases": [],
    "minimum-stability": "stable",
    "stability-flags": {
        "spatie/phpunit-watcher": 20
    },
    "prefer-stable": false,
    "prefer-lowest": false,
    "platform": [],
    "platform-dev": []
}
